
Microsoft Visual Studio Solution File, Format Version 12.00
# Visual Studio Version 17
VisualStudioVersion = 17.5.33424.131
MinimumVisualStudioVersion = 10.0.40219.1
Project("{FAE04EC0-301F-11D3-BF4B-00C04F79EFBC}") = "1MDK", "1MDK\1MDK.csproj", "{2DA20518-498C-4E75-9B59-BE2C2D88921E}"
EndProject
Global
	GlobalSection(SolutionConfigurationPlatforms) = preSolution
		Debug|Any CPU = Debug|Any CPU
		Release|Any CPU = Release|Any CPU
	EndGlobalSection
	GlobalSection(ProjectConfigurationPlatforms) = postSolution
		{2DA20518-498C-4E75-9B59-BE2C2D88921E}.Debug|Any CPU.ActiveCfg = Debug|Any CPU
		{2DA20518-498C-4E75-9B59-BE2C2D88921E}.Debug|Any CPU.Build.0 = Debug|Any CPU
		{2DA20518-498C-4E75-9B59-BE2C2D88921E}.Release|Any CPU.ActiveCfg = Release|Any CPU
		{2DA20518-498C-4E75-9B59-BE2C2D88921E}.Release|Any CPU.Build.0 = Release|Any CPU
	EndGlobalSection
	GlobalSection(SolutionProperties) = preSolution
		HideSolutionNode = FALSE
	EndGlobalSection
	GlobalSection(ExtensibilityGlobals) = postSolution
		SolutionGuid = {D222B453-DC82-4036-A3E3-9942C21DA59F}
	EndGlobalSection
EndGlobal
